
Microsoft Visual Studio Solution File, Format Version 12.00
# Visual Studio Version 16
VisualStudioVersion = 16.0.29709.97
MinimumVisualStudioVersion = 10.0.40219.1
Project("{9A19103F-16F7-4668-BE54-9A1E7A4F7556}") = "QuickBuy.Repositorio", "QuickBuy.Repositorio\QuickBuy.Repositorio.csproj", "{817B9536-16C4-4A2B-8750-31574D9EFAA1}"
EndProject
Project("{9A19103F-16F7-4668-BE54-9A1E7A4F7556}") = "QuickBuy.Dominio", "QuickBuy.Dominio\QuickBuy.Dominio.csproj", "{F5D14B38-556F-404F-B9C7-9A065ECAEAF0}"
EndProject
Project("{FAE04EC0-301F-11D3-BF4B-00C04F79EFBC}") = "QuickBuy.Web", "QuickBuy.Web\QuickBuy.Web.csproj", "{8814C39E-2FAF-4CE1-90C3-A63A28FB0D77}"
EndProject
Global
	GlobalSection(SolutionConfigurationPlatforms) = preSolution
		Debug|Any CPU = Debug|Any CPU
		Release|Any CPU = Release|Any CPU
	EndGlobalSection
	GlobalSection(ProjectConfigurationPlatforms) = postSolution
		{817B9536-16C4-4A2B-8750-31574D9EFAA1}.Debug|Any CPU.ActiveCfg = Debug|Any CPU
		{817B9536-16C4-4A2B-8750-31574D9EFAA1}.Debug|Any CPU.Build.0 = Debug|Any CPU
		{817B9536-16C4-4A2B-8750-31574D9EFAA1}.Release|Any CPU.ActiveCfg = Release|Any CPU
		{817B9536-16C4-4A2B-8750-31574D9EFAA1}.Release|Any CPU.Build.0 = Release|Any CPU
		{F5D14B38-556F-404F-B9C7-9A065ECAEAF0}.Debug|Any CPU.ActiveCfg = Debug|Any CPU
		{F5D14B38-556F-404F-B9C7-9A065ECAEAF0}.Debug|Any CPU.Build.0 = Debug|Any CPU
		{F5D14B38-556F-404F-B9C7-9A065ECAEAF0}.Release|Any CPU.ActiveCfg = Release|Any CPU
		{F5D14B38-556F-404F-B9C7-9A065ECAEAF0}.Release|Any CPU.Build.0 = Release|Any CPU
		{8814C39E-2FAF-4CE1-90C3-A63A28FB0D77}.Debug|Any CPU.ActiveCfg = Debug|Any CPU
		{8814C39E-2FAF-4CE1-90C3-A63A28FB0D77}.Debug|Any CPU.Build.0 = Debug|Any CPU
		{8814C39E-2FAF-4CE1-90C3-A63A28FB0D77}.Release|Any CPU.ActiveCfg = Release|Any CPU
		{8814C39E-2FAF-4CE1-90C3-A63A28FB0D77}.Release|Any CPU.Build.0 = Release|Any CPU
	EndGlobalSection
	GlobalSection(SolutionProperties) = preSolution
		HideSolutionNode = FALSE
	EndGlobalSection
	GlobalSection(ExtensibilityGlobals) = postSolution
		SolutionGuid = {20F518CA-4BF5-4EC6-B1A3-E602B575626B}
	EndGlobalSection
EndGlobal
